
Microsoft Visual Studio Solution File, Format Version 12.00
# Visual Studio Version 17
VisualStudioVersion = 17.6.33829.357
MinimumVisualStudioVersion = 10.0.40219.1
Project("{FAE04EC0-301F-11D3-BF4B-00C04F79EFBC}") = "SqliteTest", "SqliteTest\SqliteTest.csproj", "{2BBDF931-F722-4DAA-9729-543CC949A0EE}"
EndProject
Project("{FAE04EC0-301F-11D3-BF4B-00C04F79EFBC}") = "DBLayer", "DBLayer\DBLayer.csproj", "{E47A855C-EF96-4B65-8AA2-7E48B6C57595}"
EndProject
Global
	GlobalSection(SolutionConfigurationPlatforms) = preSolution
		Debug|Any CPU = Debug|Any CPU
		Release|Any CPU = Release|Any CPU
	EndGlobalSection
	GlobalSection(ProjectConfigurationPlatforms) = postSolution
		{2BBDF931-F722-4DAA-9729-543CC949A0EE}.Debug|Any CPU.ActiveCfg = Debug|Any CPU
		{2BBDF931-F722-4DAA-9729-543CC949A0EE}.Debug|Any CPU.Build.0 = Debug|Any CPU
		{2BBDF931-F722-4DAA-9729-543CC949A0EE}.Release|Any CPU.ActiveCfg = Release|Any CPU
		{2BBDF931-F722-4DAA-9729-543CC949A0EE}.Release|Any CPU.Build.0 = Release|Any CPU
		{E47A855C-EF96-4B65-8AA2-7E48B6C57595}.Debug|Any CPU.ActiveCfg = Debug|Any CPU
		{E47A855C-EF96-4B65-8AA2-7E48B6C57595}.Debug|Any CPU.Build.0 = Debug|Any CPU
		{E47A855C-EF96-4B65-8AA2-7E48B6C57595}.Release|Any CPU.ActiveCfg = Release|Any CPU
		{E47A855C-EF96-4B65-8AA2-7E48B6C57595}.Release|Any CPU.Build.0 = Release|Any CPU
	EndGlobalSection
	GlobalSection(SolutionProperties) = preSolution
		HideSolutionNode = FALSE
	EndGlobalSection
	GlobalSection(ExtensibilityGlobals) = postSolution
		SolutionGuid = {E1D391C8-567A-4818-9FCD-0B63A0D178F0}
	EndGlobalSection
EndGlobal
